
Microsoft Visual Studio Solution File, Format Version 11.00
# Visual Studio 2010
Project("{FAE04EC0-301F-11D3-BF4B-00C04F79EFBC}") = "FencingClub", "FencingClub\FencingClub\FencingClub.csproj", "{DC504765-D77A-4BD5-ADBC-00756AA0440C}"
EndProject
Project("{96E2B04D-8817-42C6-938A-82C39BA4D311}") = "FencingClubContent", "FencingClub\FencingClubContent\FencingClubContent.contentproj", "{60CD5252-8F20-40F2-9C51-B62EDC8308FD}"
EndProject
Global
	GlobalSection(SolutionConfigurationPlatforms) = preSolution
		Debug|x86 = Debug|x86
		Release|x86 = Release|x86
	EndGlobalSection
	GlobalSection(ProjectConfigurationPlatforms) = postSolution
		{DC504765-D77A-4BD5-ADBC-00756AA0440C}.Debug|x86.ActiveCfg = Debug|x86
		{DC504765-D77A-4BD5-ADBC-00756AA0440C}.Debug|x86.Build.0 = Debug|x86
		{DC504765-D77A-4BD5-ADBC-00756AA0440C}.Release|x86.ActiveCfg = Release|x86
		{DC504765-D77A-4BD5-ADBC-00756AA0440C}.Release|x86.Build.0 = Release|x86
		{60CD5252-8F20-40F2-9C51-B62EDC8308FD}.Debug|x86.ActiveCfg = Debug|x86
		{60CD5252-8F20-40F2-9C51-B62EDC8308FD}.Release|x86.ActiveCfg = Release|x86
	EndGlobalSection
	GlobalSection(SolutionProperties) = preSolution
		HideSolutionNode = FALSE
	EndGlobalSection
EndGlobal
